
Microsoft Visual Studio Solution File, Format Version 12.00
# Visual Studio Version 17
VisualStudioVersion = 17.14.36109.1
MinimumVisualStudioVersion = 10.0.40219.1
Project("{FAE04EC0-301F-11D3-BF4B-00C04F79EFBC}") = "01.Power-Of-Number", "01.Power-Of-Number\01.Power-Of-Number.csproj", "{3C218BE4-28FC-4151-BCC9-BB6D9B56C182}"
EndProject
Project("{FAE04EC0-301F-11D3-BF4B-00C04F79EFBC}") = "02.Multiplication-Table", "02.Multiplication-Table\02.Multiplication-Table.csproj", "{27485B61-DE6A-48C6-83F6-BC9B86158A8C}"
EndProject
Project("{FAE04EC0-301F-11D3-BF4B-00C04F79EFBC}") = "03.Biggest-Number", "03.Biggest-Number\03.Biggest-Number.csproj", "{5B176254-96A3-401E-B033-8639B490282C}"
EndProject
Project("{FAE04EC0-301F-11D3-BF4B-00C04F79EFBC}") = "04.Vowel-Sum", "04.Vowel-Sum\04.Vowel-Sum.csproj", "{3E68A1EE-D781-4B63-B6D4-E2241C6977C2}"
EndProject
Project("{FAE04EC0-301F-11D3-BF4B-00C04F79EFBC}") = "05.Division-To-2-3-And-4", "05.Division-To-2-3-And-4\05.Division-To-2-3-And-4.csproj", "{CB40BC53-BDBE-4C25-B088-3401EE8EDE0D}"
EndProject
Global
	GlobalSection(SolutionConfigurationPlatforms) = preSolution
		Debug|Any CPU = Debug|Any CPU
		Release|Any CPU = Release|Any CPU
	EndGlobalSection
	GlobalSection(ProjectConfigurationPlatforms) = postSolution
		{3C218BE4-28FC-4151-BCC9-BB6D9B56C182}.Debug|Any CPU.ActiveCfg = Debug|Any CPU
		{3C218BE4-28FC-4151-BCC9-BB6D9B56C182}.Debug|Any CPU.Build.0 = Debug|Any CPU
		{3C218BE4-28FC-4151-BCC9-BB6D9B56C182}.Release|Any CPU.ActiveCfg = Release|Any CPU
		{3C218BE4-28FC-4151-BCC9-BB6D9B56C182}.Release|Any CPU.Build.0 = Release|Any CPU
		{27485B61-DE6A-48C6-83F6-BC9B86158A8C}.Debug|Any CPU.ActiveCfg = Debug|Any CPU
		{27485B61-DE6A-48C6-83F6-BC9B86158A8C}.Debug|Any CPU.Build.0 = Debug|Any CPU
		{27485B61-DE6A-48C6-83F6-BC9B86158A8C}.Release|Any CPU.ActiveCfg = Release|Any CPU
		{27485B61-DE6A-48C6-83F6-BC9B86158A8C}.Release|Any CPU.Build.0 = Release|Any CPU
		{5B176254-96A3-401E-B033-8639B490282C}.Debug|Any CPU.ActiveCfg = Debug|Any CPU
		{5B176254-96A3-401E-B033-8639B490282C}.Debug|Any CPU.Build.0 = Debug|Any CPU
		{5B176254-96A3-401E-B033-8639B490282C}.Release|Any CPU.ActiveCfg = Release|Any CPU
		{5B176254-96A3-401E-B033-8639B490282C}.Release|Any CPU.Build.0 = Release|Any CPU
		{3E68A1EE-D781-4B63-B6D4-E2241C6977C2}.Debug|Any CPU.ActiveCfg = Debug|Any CPU
		{3E68A1EE-D781-4B63-B6D4-E2241C6977C2}.Debug|Any CPU.Build.0 = Debug|Any CPU
		{3E68A1EE-D781-4B63-B6D4-E2241C6977C2}.Release|Any CPU.ActiveCfg = Release|Any CPU
		{3E68A1EE-D781-4B63-B6D4-E2241C6977C2}.Release|Any CPU.Build.0 = Release|Any CPU
		{CB40BC53-BDBE-4C25-B088-3401EE8EDE0D}.Debug|Any CPU.ActiveCfg = Debug|Any CPU
		{CB40BC53-BDBE-4C25-B088-3401EE8EDE0D}.Debug|Any CPU.Build.0 = Debug|Any CPU
		{CB40BC53-BDBE-4C25-B088-3401EE8EDE0D}.Release|Any CPU.ActiveCfg = Release|Any CPU
		{CB40BC53-BDBE-4C25-B088-3401EE8EDE0D}.Release|Any CPU.Build.0 = Release|Any CPU
	EndGlobalSection
	GlobalSection(SolutionProperties) = preSolution
		HideSolutionNode = FALSE
	EndGlobalSection
	GlobalSection(ExtensibilityGlobals) = postSolution
		SolutionGuid = {6E17ED07-F168-4D1E-90DE-F6275E5DF14A}
	EndGlobalSection
EndGlobal
